
Microsoft Visual Studio Solution File, Format Version 12.00
# Visual Studio Version 17
VisualStudioVersion = 17.10.35122.118
MinimumVisualStudioVersion = 10.0.40219.1
Project("{9A19103F-16F7-4668-BE54-9A1E7A4F7556}") = "WPass", "WPass\WPass.csproj", "{AF655403-9D22-4BC4-8FAB-F14491677188}"
EndProject
Project("{9A19103F-16F7-4668-BE54-9A1E7A4F7556}") = "WPass.Core", "WPass.Core\WPass.Core.csproj", "{0691334D-BE1D-4B1C-9E95-5150A918FFFE}"
EndProject
Global
	GlobalSection(SolutionConfigurationPlatforms) = preSolution
		Debug|x64 = Debug|x64
		Release|x64 = Release|x64
	EndGlobalSection
	GlobalSection(ProjectConfigurationPlatforms) = postSolution
		{AF655403-9D22-4BC4-8FAB-F14491677188}.Debug|x64.ActiveCfg = Debug|x64
		{AF655403-9D22-4BC4-8FAB-F14491677188}.Debug|x64.Build.0 = Debug|x64
		{AF655403-9D22-4BC4-8FAB-F14491677188}.Release|x64.ActiveCfg = Release|x64
		{AF655403-9D22-4BC4-8FAB-F14491677188}.Release|x64.Build.0 = Release|x64
		{0691334D-BE1D-4B1C-9E95-5150A918FFFE}.Debug|x64.ActiveCfg = Debug|x64
		{0691334D-BE1D-4B1C-9E95-5150A918FFFE}.Debug|x64.Build.0 = Debug|x64
		{0691334D-BE1D-4B1C-9E95-5150A918FFFE}.Release|x64.ActiveCfg = Release|x64
		{0691334D-BE1D-4B1C-9E95-5150A918FFFE}.Release|x64.Build.0 = Release|x64
	EndGlobalSection
	GlobalSection(SolutionProperties) = preSolution
		HideSolutionNode = FALSE
	EndGlobalSection
	GlobalSection(ExtensibilityGlobals) = postSolution
		SolutionGuid = {61ED9E1F-6142-4872-912E-CB75FB661E5F}
	EndGlobalSection
EndGlobal
